// !$*UTF8*$!
{
	archiveVersion = 1;
	classes = {
	};
	objectVersion = 50;
	objects = {

/* Begin PBXBuildFile section */
		1F731252232686C800DFE34E /* AppDelegate.swift in Sources */ = {isa = PBXBuildFile; fileRef = 1F731251232686C800DFE34E /* AppDelegate.swift */; };
		1F731257232686C800DFE34E /* Main.storyboard in Resources */ = {isa = PBXBuildFile; fileRef = 1F731255232686C800DFE34E /* Main.storyboard */; };
		1F731259232686C800DFE34E /* Assets.xcassets in Resources */ = {isa = PBXBuildFile; fileRef = 1F731258232686C800DFE34E /* Assets.xcassets */; };
		1F73125C232686C800DFE34E /* LaunchScreen.storyboard in Resources */ = {isa = PBXBuildFile; fileRef = 1F73125A232686C800DFE34E /* LaunchScreen.storyboard */; };
		1F7312652326889600DFE34E /* ExternalAccessory.framework in Frameworks */ = {isa = PBXBuildFile; fileRef = 1F7312642326889600DFE34E /* ExternalAccessory.framework */; };
		1F731268232695AB00DFE34E /* AccessoriesTableViewController.swift in Sources */ = {isa = PBXBuildFile; fileRef = 1F731267232695AB00DFE34E /* AccessoriesTableViewController.swift */; };
/* End PBXBuildFile section */

/* Begin PBXFileReference section */
		1F73124E232686C800DFE34E /* sample_ios_ea_bluetooth.app */ = {isa = PBXFileReference; explicitFileType = wrapper.application; includeInIndex = 0; path = sample_ios_ea_bluetooth.app; sourceTree = BUILT_PRODUCTS_DIR; };
		1F731251232686C800DFE34E /* AppDelegate.swift */ = {isa = PBXFileReference; lastKnownFileType = sourcecode.swift; path = AppDelegate.swift; sourceTree = "<group>"; };
		1F731256232686C800DFE34E /* Base */ = {isa = PBXFileReference; lastKnownFileType = file.storyboard; name = Base; path = Base.lproj/Main.storyboard; sourceTree = "<group>"; };
		1F731258232686C800DFE34E /* Assets.xcassets */ = {isa = PBXFileReference; lastKnownFileType = folder.assetcatalog; path = Assets.xcassets; sourceTree = "<group>"; };
		1F73125B232686C800DFE34E /* Base */ = {isa = PBXFileReference; lastKnownFileType = file.storyboard; name = Base; path = Base.lproj/LaunchScreen.storyboard; sourceTree = "<group>"; };
		1F73125D232686C800DFE34E /* Info.plist */ = {isa = PBXFileReference; lastKnownFileType = text.plist.xml; path = Info.plist; sourceTree = "<group>"; };
		1F7312642326889600DFE34E /* ExternalAccessory.framework */ = {isa = PBXFileReference; lastKnownFileType = wrapper.framework; name = ExternalAccessory.framework; path = System/Library/Frameworks/ExternalAccessory.framework; sourceTree = SDKROOT; };
		1F7312662326889600DFE34E /* sample_ios_ea_bluetooth.entitlements */ = {isa = PBXFileReference; lastKnownFileType = text.plist.entitlements; path = sample_ios_ea_bluetooth.entitlements; sourceTree = "<group>"; };
		1F731267232695AB00DFE34E /* AccessoriesTableViewController.swift */ = {isa = PBXFileReference; lastKnownFileType = sourcecode.swift; path = AccessoriesTableViewController.swift; sourceTree = "<group>"; };
/* End PBXFileReference section */

/* Begin PBXFrameworksBuildPhase section */
		1F73124B232686C800DFE34E /* Frameworks */ = {
			isa = PBXFrameworksBuildPhase;
			buildActionMask = 2147483647;
			files = (
				1F7312652326889600DFE34E /* ExternalAccessory.framework in Frameworks */,
			);
			runOnlyForDeploymentPostprocessing = 0;
		};
/* End PBXFrameworksBuildPhase section */

/* Begin PBXGroup section */
		1F731245232686C800DFE34E = {
			isa = PBXGroup;
			children = (
				1F731250232686C800DFE34E /* sample_ios_ea_bluetooth */,
				1F73124F232686C800DFE34E /* Products */,
				1F7312632326889600DFE34E /* Frameworks */,
			);
			sourceTree = "<group>";
		};
		1F73124F232686C800DFE34E /* Products */ = {
			isa = PBXGroup;
			children = (
				1F73124E232686C800DFE34E /* sample_ios_ea_bluetooth.app */,
			);
			name = Products;
			sourceTree = "<group>";
		};
		1F731250232686C800DFE34E /* sample_ios_ea_bluetooth */ = {
			isa = PBXGroup;
			children = (
				1F7312662326889600DFE34E /* sample_ios_ea_bluetooth.entitlements */,
				1F731251232686C800DFE34E /* AppDelegate.swift */,
				1F731267232695AB00DFE34E /* AccessoriesTableViewController.swift */,
				1F731255232686C800DFE34E /* Main.storyboard */,
				1F731258232686C800DFE34E /* Assets.xcassets */,
				1F73125A232686C800DFE34E /* LaunchScreen.storyboard */,
				1F73125D232686C800DFE34E /* Info.plist */,
			);
			path = sample_ios_ea_bluetooth;
			sourceTree = "<group>";
		};
		1F7312632326889600DFE34E /* Frameworks */ = {
			isa = PBXGroup;
			children = (
				1F7312642326889600DFE34E /* ExternalAccessory.framework */,
			);
			name = Frameworks;
			sourceTree = "<group>";
		};
/* End PBXGroup section */

/* Begin PBXNativeTarget section */
		1F73124D232686C800DFE34E /* sample_ios_ea_bluetooth */ = {
			isa = PBXNativeTarget;
			buildConfigurationList = 1F731260232686C800DFE34E /* Build configuration list for PBXNativeTarget "sample_ios_ea_bluetooth" */;
			buildPhases = (
				1F73124A232686C800DFE34E /* Sources */,
				1F73124B232686C800DFE34E /* Frameworks */,
				1F73124C232686C800DFE34E /* Resources */,
			);
			buildRules = (
			);
			dependencies = (
			);
			name = sample_ios_ea_bluetooth;
			productName = sample_ios_ea_bluetooth;
			productReference = 1F73124E232686C800DFE34E /* sample_ios_ea_bluetooth.app */;
			productType = "com.apple.product-type.application";
		};
/* End PBXNativeTarget section */

/* Begin PBXProject section */
		1F731246232686C800DFE34E /* Project object */ = {
			isa = PBXProject;
			attributes = {
				LastSwiftUpdateCheck = 1030;
				LastUpgradeCheck = 1030;
				ORGANIZATIONNAME = "Marcel Raner";
				TargetAttributes = {
					1F73124D232686C800DFE34E = {
						CreatedOnToolsVersion = 10.3;
						SystemCapabilities = {
							com.apple.WAC = {
								enabled = 1;
							};
						};
					};
				};
			};
			buildConfigurationList = 1F731249232686C800DFE34E /* Build configuration list for PBXProject "sample_ios_ea_bluetooth" */;
			compatibilityVersion = "Xcode 9.3";
			developmentRegion = en;
			hasScannedForEncodings = 0;
			knownRegions = (
				en,
				Base,
			);
			mainGroup = 1F731245232686C800DFE34E;
			productRefGroup = 1F73124F232686C800DFE34E /* Products */;
			projectDirPath = "";
			projectRoot = "";
			targets = (
				1F73124D232686C800DFE34E /* sample_ios_ea_bluetooth */,
			);
		};
/* End PBXProject section */

/* Begin PBXResourcesBuildPhase section */
		1F73124C232686C800DFE34E /* Resources */ = {
			isa = PBXResourcesBuildPhase;
			buildActionMask = 2147483647;
			files = (
				1F73125C232686C800DFE34E /* LaunchScreen.storyboard in Resources */,
				1F731259232686C800DFE34E /* Assets.xcassets in Resources */,
				1F731257232686C800DFE34E /* Main.storyboard in Resources */,
			);
			runOnlyForDeploymentPostprocessing = 0;
		};
/* End PBXResourcesBuildPhase section */

/* Begin PBXSourcesBuildPhase section */
		1F73124A232686C800DFE34E /* Sources */ = {
			isa = PBXSourcesBuildPhase;
			buildActionMask = 2147483647;
			files = (
				1F731268232695AB00DFE34E /* AccessoriesTableViewController.swift in Sources */,
				1F731252232686C800DFE34E /* AppDelegate.swift in Sources */,
			);
			runOnlyForDeploymentPostprocessing = 0;
		};
/* End PBXSourcesBuildPhase section */

/* Begin PBXVariantGroup section */
		1F731255232686C800DFE34E /* Main.storyboard */ = {
			isa = PBXVariantGroup;
			children = (
				1F731256232686C800DFE34E /* Base */,
			);
			name = Main.storyboard;
			sourceTree = "<group>";
		};
		1F73125A232686C800DFE34E /* LaunchScreen.storyboard */ = {
			isa = PBXVariantGroup;
			children = (
				1F73125B232686C800DFE34E /* Base */,
			);
			name = LaunchScreen.storyboard;
			sourceTree = "<group>";
		};
/* End PBXVariantGroup section */

/* Begin XCBuildConfiguration section */
		1F73125E232686C800DFE34E /* Debug */ = {
			isa = XCBuildConfiguration;
			buildSettings = {
				ALWAYS_SEARCH_USER_PATHS = NO;
				CLANG_ANALYZER_NONNULL = YES;
				CLANG_ANALYZER_NUMBER_OBJECT_CONVERSION = YES_AGGRESSIVE;
				CLANG_CXX_LANGUAGE_STANDARD = "gnu++14";
				CLANG_CXX_LIBRARY = "libc++";
				CLANG_ENABLE_MODULES = YES;
				CLANG_ENABLE_OBJC_ARC = YES;
				CLANG_ENABLE_OBJC_WEAK = YES;
				CLANG_WARN_BLOCK_CAPTURE_AUTORELEASING = YES;
				CLANG_WARN_BOOL_CONVERSION = YES;
				CLANG_WARN_COMMA = YES;
				CLANG_WARN_CONSTANT_CONVERSION = YES;
				CLANG_WARN_DEPRECATED_OBJC_IMPLEMENTATIONS = YES;
				CLANG_WARN_DIRECT_OBJC_ISA_USAGE = YES_ERROR;
				CLANG_WARN_DOCUMENTATION_COMMENTS = YES;
				CLANG_WARN_EMPTY_BODY = YES;
				CLANG_WARN_ENUM_CONVERSION = YES;
				CLANG_WARN_INFINITE_RECURSION = YES;
				CLANG_WARN_INT_CONVERSION = YES;
				CLANG_WARN_NON_LITERAL_NULL_CONVERSION = YES;
				CLANG_WARN_OBJC_IMPLICIT_RETAIN_SELF = YES;
				CLANG_WARN_OBJC_LITERAL_CONVERSION = YES;
				CLANG_WARN_OBJC_ROOT_CLASS = YES_ERROR;
				CLANG_WARN_RANGE_LOOP_ANALYSIS = YES;
				CLANG_WARN_STRICT_PROTOTYPES = YES;
				CLANG_WARN_SUSPICIOUS_MOVE = YES;
				CLANG_WARN_UNGUARDED_AVAILABILITY = YES_AGGRESSIVE;
				CLANG_WARN_UNREACHABLE_CODE = YES;
				CLANG_WARN__DUPLICATE_METHOD_MATCH = YES;
				CODE_SIGN_IDENTITY = "iPhone Developer";
				COPY_PHASE_STRIP = NO;
				DEBUG_INFORMATION_FORMAT = dwarf;
				ENABLE_STRICT_OBJC_MSGSEND = YES;
				ENABLE_TESTABILITY = YES;
				GCC_C_LANGUAGE_STANDARD = gnu11;
				GCC_DYNAMIC_NO_PIC = NO;
				GCC_NO_COMMON_BLOCKS = YES;
				GCC_OPTIMIZATION_LEVEL = 0;
				GCC_PREPROCESSOR_DEFINITIONS = (
					"DEBUG=1",
					"$(inherited)",
				);
				GCC_WARN_64_TO_32_BIT_CONVERSION = YES;
				GCC_WARN_ABOUT_RETURN_TYPE = YES_ERROR;
				GCC_WARN_UNDECLARED_SELECTOR = YES;
				GCC_WARN_UNINITIALIZED_AUTOS = YES_AGGRESSIVE;
				GCC_WARN_UNUSED_FUNCTION = YES;
				GCC_WARN_UNUSED_VARIABLE = YES;
				IPHONEOS_DEPLOYMENT_TARGET = 12.4;
				MTL_ENABLE_DEBUG_INFO = INCLUDE_SOURCE;
				MTL_FAST_MATH = YES;
				ONLY_ACTIVE_ARCH = YES;
				SDKROOT = iphoneos;
				SWIFT_ACTIVE_COMPILATION_CONDITIONS = DEBUG;
				SWIFT_OPTIMIZATION_LEVEL = "-Onone";
			};
			name = Debug;
		};
		1F73125F232686C800DFE34E /* Release */ = {
			isa = XCBuildConfiguration;
			buildSettings = {
				ALWAYS_SEARCH_USER_PATHS = NO;
				CLANG_ANALYZER_NONNULL = YES;
				CLANG_ANALYZER_NUMBER_OBJECT_CONVERSION = YES_AGGRESSIVE;
				CLANG_CXX_LANGUAGE_STANDARD = "gnu++14";
				CLANG_CXX_LIBRARY = "libc++";
				CLANG_ENABLE_MODULES = YES;
				CLANG_ENABLE_OBJC_ARC = YES;
				CLANG_ENABLE_OBJC_WEAK = YES;
				CLANG_WARN_BLOCK_CAPTURE_AUTORELEASING = YES;
				CLANG_WARN_BOOL_CONVERSION = YES;
				CLANG_WARN_COMMA = YES;
				CLANG_WARN_CONSTANT_CONVERSION = YES;
				CLANG_WARN_DEPRECATED_OBJC_IMPLEMENTATIONS = YES;
				CLANG_WARN_DIRECT_OBJC_ISA_USAGE = YES_ERROR;
				CLANG_WARN_DOCUMENTATION_COMMENTS = YES;
				CLANG_WARN_EMPTY_BODY = YES;
				CLANG_WARN_ENUM_CONVERSION = YES;
				CLANG_WARN_INFINITE_RECURSION = YES;
				CLANG_WARN_INT_CONVERSION = YES;
				CLANG_WARN_NON_LITERAL_NULL_CONVERSION = YES;
				CLANG_WARN_OBJC_IMPLICIT_RETAIN_SELF = YES;
				CLANG_WARN_OBJC_LITERAL_CONVERSION = YES;
				CLANG_WARN_OBJC_ROOT_CLASS = YES_ERROR;
				CLANG_WARN_RANGE_LOOP_ANALYSIS = YES;
				CLANG_WARN_STRICT_PROTOTYPES = YES;
				CLANG_WARN_SUSPICIOUS_MOVE = YES;
				CLANG_WARN_UNGUARDED_AVAILABILITY = YES_AGGRESSIVE;
				CLANG_WARN_UNREACHABLE_CODE = YES;
				CLANG_WARN__DUPLICATE_METHOD_MATCH = YES;
				CODE_SIGN_IDENTITY = "iPhone Developer";
				COPY_PHASE_STRIP = NO;
				DEBUG_INFORMATION_FORMAT = "dwarf-with-dsym";
				ENABLE_NS_ASSERTIONS = NO;
				ENABLE_STRICT_OBJC_MSGSEND = YES;
				GCC_C_LANGUAGE_STANDARD = gnu11;
				GCC_NO_COMMON_BLOCKS = YES;
				GCC_WARN_64_TO_32_BIT_CONVERSION = YES;
				GCC_WARN_ABOUT_RETURN_TYPE = YES_ERROR;
				GCC_WARN_UNDECLARED_SELECTOR = YES;
				GCC_WARN_UNINITIALIZED_AUTOS = YES_AGGRESSIVE;
				GCC_WARN_UNUSED_FUNCTION = YES;
				GCC_WARN_UNUSED_VARIABLE = YES;
				IPHONEOS_DEPLOYMENT_TARGET = 12.4;
				MTL_ENABLE_DEBUG_INFO = NO;
				MTL_FAST_MATH = YES;
				SDKROOT = iphoneos;
				SWIFT_COMPILATION_MODE = wholemodule;
				SWIFT_OPTIMIZATION_LEVEL = "-O";
				VALIDATE_PRODUCT = YES;
			};
			name = Release;
		};
		1F731261232686C800DFE34E /* Debug */ = {
			isa = XCBuildConfiguration;
			buildSettings = {
				ASSETCATALOG_COMPILER_APPICON_NAME = AppIcon;
				CODE_SIGN_ENTITLEMENTS = sample_ios_ea_bluetooth/sample_ios_ea_bluetooth.entitlements;
				CODE_SIGN_STYLE = Automatic;
				DEVELOPMENT_TEAM = 47CR245248;
				INFOPLIST_FILE = sample_ios_ea_bluetooth/Info.plist;
				LD_RUNPATH_SEARCH_PATHS = (
					"$(inherited)",
					"@executable_path/Frameworks",
				);
				PRODUCT_BUNDLE_IDENTIFIER = "raner.marcel.sample-ios-ea-bluetooth";
				PRODUCT_NAME = "$(TARGET_NAME)";
				SWIFT_VERSION = 5.0;
				TARGETED_DEVICE_FAMILY = "1,2";
			};
			name = Debug;
		};
		1F731262232686C800DFE34E /* Release */ = {
			isa = XCBuildConfiguration;
			buildSettings = {
				ASSETCATALOG_COMPILER_APPICON_NAME = AppIcon;
				CODE_SIGN_ENTITLEMENTS = sample_ios_ea_bluetooth/sample_ios_ea_bluetooth.entitlements;
				CODE_SIGN_STYLE = Automatic;
				DEVELOPMENT_TEAM = 47CR245248;
				INFOPLIST_FILE = sample_ios_ea_bluetooth/Info.plist;
				LD_RUNPATH_SEARCH_PATHS = (
					"$(inherited)",
					"@executable_path/Frameworks",
				);
				PRODUCT_BUNDLE_IDENTIFIER = "raner.marcel.sample-ios-ea-bluetooth";
				PRODUCT_NAME = "$(TARGET_NAME)";
				SWIFT_VERSION = 5.0;
				TARGETED_DEVICE_FAMILY = "1,2";
			};
			name = Release;
		};
/* End XCBuildConfiguration section */

/* Begin XCConfigurationList section */
		1F731249232686C800DFE34E /* Build configuration list for PBXProject "sample_ios_ea_bluetooth" */ = {
			isa = XCConfigurationList;
			buildConfigurations = (
				1F73125E232686C800DFE34E /* Debug */,
				1F73125F232686C800DFE34E /* Release */,
			);
			defaultConfigurationIsVisible = 0;
			defaultConfigurationName = Release;
		};
		1F731260232686C800DFE34E /* Build configuration list for PBXNativeTarget "sample_ios_ea_bluetooth" */ = {
			isa = XCConfigurationList;
			buildConfigurations = (
				1F731261232686C800DFE34E /* Debug */,
				1F731262232686C800DFE34E /* Release */,
			);
			defaultConfigurationIsVisible = 0;
			defaultConfigurationName = Release;
		};
/* End XCConfigurationList section */
	};
	rootObject = 1F731246232686C800DFE34E /* Project object */;
}
